
Microsoft Visual Studio Solution File, Format Version 11.00
# Visual Studio 2010
Project("{8BC9CEB8-8B4A-11D0-8D11-00A0C91BC942}") = "Lot", "Lot\Lot.vcxproj", "{0808A461-87F4-4AD5-816F-237D9CC8C8AD}"
EndProject
Project("{8BC9CEB8-8B4A-11D0-8D11-00A0C91BC942}") = "Controller", "Controller\Controller.vcxproj", "{B367D278-CE53-4C89-8A41-0B2178D48027}"
EndProject
Global
	GlobalSection(SolutionConfigurationPlatforms) = preSolution
		Debug|Win32 = Debug|Win32
		Release|Win32 = Release|Win32
	EndGlobalSection
	GlobalSection(ProjectConfigurationPlatforms) = postSolution
		{0808A461-87F4-4AD5-816F-237D9CC8C8AD}.Debug|Win32.ActiveCfg = Debug|Win32
		{0808A461-87F4-4AD5-816F-237D9CC8C8AD}.Debug|Win32.Build.0 = Debug|Win32
		{0808A461-87F4-4AD5-816F-237D9CC8C8AD}.Release|Win32.ActiveCfg = Release|Win32
		{0808A461-87F4-4AD5-816F-237D9CC8C8AD}.Release|Win32.Build.0 = Release|Win32
		{B367D278-CE53-4C89-8A41-0B2178D48027}.Debug|Win32.ActiveCfg = Debug|Win32
		{B367D278-CE53-4C89-8A41-0B2178D48027}.Debug|Win32.Build.0 = Debug|Win32
		{B367D278-CE53-4C89-8A41-0B2178D48027}.Release|Win32.ActiveCfg = Release|Win32
		{B367D278-CE53-4C89-8A41-0B2178D48027}.Release|Win32.Build.0 = Release|Win32
	EndGlobalSection
	GlobalSection(SolutionProperties) = preSolution
		HideSolutionNode = FALSE
	EndGlobalSection
EndGlobal
